
Microsoft Visual Studio Solution File, Format Version 12.00
# Visual Studio Version 17
VisualStudioVersion = 17.9.34723.18
MinimumVisualStudioVersion = 10.0.40219.1
Project("{FAE04EC0-301F-11D3-BF4B-00C04F79EFBC}") = "textprep", "textprep\textprep.csproj", "{19C21FCD-C378-4427-8C2E-0B6D567EFB42}"
EndProject
Global
	GlobalSection(SolutionConfigurationPlatforms) = preSolution
		Debug|Any CPU = Debug|Any CPU
		Release|Any CPU = Release|Any CPU
	EndGlobalSection
	GlobalSection(ProjectConfigurationPlatforms) = postSolution
		{19C21FCD-C378-4427-8C2E-0B6D567EFB42}.Debug|Any CPU.ActiveCfg = Debug|Any CPU
		{19C21FCD-C378-4427-8C2E-0B6D567EFB42}.Debug|Any CPU.Build.0 = Debug|Any CPU
		{19C21FCD-C378-4427-8C2E-0B6D567EFB42}.Release|Any CPU.ActiveCfg = Release|Any CPU
		{19C21FCD-C378-4427-8C2E-0B6D567EFB42}.Release|Any CPU.Build.0 = Release|Any CPU
	EndGlobalSection
	GlobalSection(SolutionProperties) = preSolution
		HideSolutionNode = FALSE
	EndGlobalSection
	GlobalSection(ExtensibilityGlobals) = postSolution
		SolutionGuid = {5F7F4F16-5619-4435-BC43-0AFFCE34A74E}
	EndGlobalSection
EndGlobal
